
Microsoft Visual Studio Solution File, Format Version 12.00
# Visual Studio Version 16
VisualStudioVersion = 16.0.31624.102
MinimumVisualStudioVersion = 10.0.40219.1
Project("{FAE04EC0-301F-11D3-BF4B-00C04F79EFBC}") = "WpfApp2", "WpfApp2\WpfApp2.csproj", "{AA716C53-48FC-43B2-8505-6D29DDC0917A}"
EndProject
Global
	GlobalSection(SolutionConfigurationPlatforms) = preSolution
		Debug|Any CPU = Debug|Any CPU
		Release|Any CPU = Release|Any CPU
	EndGlobalSection
	GlobalSection(ProjectConfigurationPlatforms) = postSolution
		{AA716C53-48FC-43B2-8505-6D29DDC0917A}.Debug|Any CPU.ActiveCfg = Debug|Any CPU
		{AA716C53-48FC-43B2-8505-6D29DDC0917A}.Debug|Any CPU.Build.0 = Debug|Any CPU
		{AA716C53-48FC-43B2-8505-6D29DDC0917A}.Release|Any CPU.ActiveCfg = Release|Any CPU
		{AA716C53-48FC-43B2-8505-6D29DDC0917A}.Release|Any CPU.Build.0 = Release|Any CPU
	EndGlobalSection
	GlobalSection(SolutionProperties) = preSolution
		HideSolutionNode = FALSE
	EndGlobalSection
	GlobalSection(ExtensibilityGlobals) = postSolution
		SolutionGuid = {3B193867-C1B3-4224-9791-F763DFFAA667}
	EndGlobalSection
EndGlobal
